// !$*UTF8*$!
{
	archiveVersion = 1;
	classes = {
	};
	objectVersion = 56;
	objects = {

/* Begin PBXBuildFile section */
		3DE95D1E2C0BB45B00AAE9BA /* AppDelegate.swift in Sources */ = {isa = PBXBuildFile; fileRef = 3DE95D1D2C0BB45B00AAE9BA /* AppDelegate.swift */; };
		3DE95D202C0BB45B00AAE9BA /* SceneDelegate.swift in Sources */ = {isa = PBXBuildFile; fileRef = 3DE95D1F2C0BB45B00AAE9BA /* SceneDelegate.swift */; };
		3DE95D222C0BB45B00AAE9BA /* ViewController.swift in Sources */ = {isa = PBXBuildFile; fileRef = 3DE95D212C0BB45B00AAE9BA /* ViewController.swift */; };
		3DE95D252C0BB45B00AAE9BA /* Base in Resources */ = {isa = PBXBuildFile; fileRef = 3DE95D242C0BB45B00AAE9BA /* Base */; };
		3DE95D272C0BB45C00AAE9BA /* Assets.xcassets in Resources */ = {isa = PBXBuildFile; fileRef = 3DE95D262C0BB45C00AAE9BA /* Assets.xcassets */; };
		3DE95D2A2C0BB45C00AAE9BA /* Base in Resources */ = {isa = PBXBuildFile; fileRef = 3DE95D292C0BB45C00AAE9BA /* Base */; };
		3DE95D352C0BB45C00AAE9BA /* notificationTestTests.swift in Sources */ = {isa = PBXBuildFile; fileRef = 3DE95D342C0BB45C00AAE9BA /* notificationTestTests.swift */; };
		3DE95D3F2C0BB45C00AAE9BA /* notificationTestUITests.swift in Sources */ = {isa = PBXBuildFile; fileRef = 3DE95D3E2C0BB45C00AAE9BA /* notificationTestUITests.swift */; };
		3DE95D412C0BB45C00AAE9BA /* notificationTestUITestsLaunchTests.swift in Sources */ = {isa = PBXBuildFile; fileRef = 3DE95D402C0BB45C00AAE9BA /* notificationTestUITestsLaunchTests.swift */; };
		3DE95D552C0BC6E100AAE9BA /* GroupFileObserver.swift in Sources */ = {isa = PBXBuildFile; fileRef = 3DE95D542C0BC6E100AAE9BA /* GroupFileObserver.swift */; };
		3DE95D572C0BC9E000AAE9BA /* GroupFileHandler.swift in Sources */ = {isa = PBXBuildFile; fileRef = 3DE95D562C0BC9E000AAE9BA /* GroupFileHandler.swift */; };
/* End PBXBuildFile section */

/* Begin PBXContainerItemProxy section */
		3DE95D312C0BB45C00AAE9BA /* PBXContainerItemProxy */ = {
			isa = PBXContainerItemProxy;
			containerPortal = 3DE95D122C0BB45B00AAE9BA /* Project object */;
			proxyType = 1;
			remoteGlobalIDString = 3DE95D192C0BB45B00AAE9BA;
			remoteInfo = notificationTest;
		};
		3DE95D3B2C0BB45C00AAE9BA /* PBXContainerItemProxy */ = {
			isa = PBXContainerItemProxy;
			containerPortal = 3DE95D122C0BB45B00AAE9BA /* Project object */;
			proxyType = 1;
			remoteGlobalIDString = 3DE95D192C0BB45B00AAE9BA;
			remoteInfo = notificationTest;
		};
/* End PBXContainerItemProxy section */

/* Begin PBXFileReference section */
		3DE95D1A2C0BB45B00AAE9BA /* GroupedFileSender.app */ = {isa = PBXFileReference; explicitFileType = wrapper.application; includeInIndex = 0; path = GroupedFileSender.app; sourceTree = BUILT_PRODUCTS_DIR; };
		3DE95D1D2C0BB45B00AAE9BA /* AppDelegate.swift */ = {isa = PBXFileReference; lastKnownFileType = sourcecode.swift; path = AppDelegate.swift; sourceTree = "<group>"; };
		3DE95D1F2C0BB45B00AAE9BA /* SceneDelegate.swift */ = {isa = PBXFileReference; lastKnownFileType = sourcecode.swift; path = SceneDelegate.swift; sourceTree = "<group>"; };
		3DE95D212C0BB45B00AAE9BA /* ViewController.swift */ = {isa = PBXFileReference; lastKnownFileType = sourcecode.swift; path = ViewController.swift; sourceTree = "<group>"; };
		3DE95D242C0BB45B00AAE9BA /* Base */ = {isa = PBXFileReference; lastKnownFileType = file.storyboard; name = Base; path = Base.lproj/Main.storyboard; sourceTree = "<group>"; };
		3DE95D262C0BB45C00AAE9BA /* Assets.xcassets */ = {isa = PBXFileReference; lastKnownFileType = folder.assetcatalog; path = Assets.xcassets; sourceTree = "<group>"; };
		3DE95D292C0BB45C00AAE9BA /* Base */ = {isa = PBXFileReference; lastKnownFileType = file.storyboard; name = Base; path = Base.lproj/LaunchScreen.storyboard; sourceTree = "<group>"; };
		3DE95D2B2C0BB45C00AAE9BA /* Info.plist */ = {isa = PBXFileReference; lastKnownFileType = text.plist.xml; path = Info.plist; sourceTree = "<group>"; };
		3DE95D302C0BB45C00AAE9BA /* GroupedFileSenderTests.xctest */ = {isa = PBXFileReference; explicitFileType = wrapper.cfbundle; includeInIndex = 0; path = GroupedFileSenderTests.xctest; sourceTree = BUILT_PRODUCTS_DIR; };
		3DE95D342C0BB45C00AAE9BA /* notificationTestTests.swift */ = {isa = PBXFileReference; lastKnownFileType = sourcecode.swift; path = notificationTestTests.swift; sourceTree = "<group>"; };
		3DE95D3A2C0BB45C00AAE9BA /* GroupedFileSenderUITests.xctest */ = {isa = PBXFileReference; explicitFileType = wrapper.cfbundle; includeInIndex = 0; path = GroupedFileSenderUITests.xctest; sourceTree = BUILT_PRODUCTS_DIR; };
		3DE95D3E2C0BB45C00AAE9BA /* notificationTestUITests.swift */ = {isa = PBXFileReference; lastKnownFileType = sourcecode.swift; path = notificationTestUITests.swift; sourceTree = "<group>"; };
		3DE95D402C0BB45C00AAE9BA /* notificationTestUITestsLaunchTests.swift */ = {isa = PBXFileReference; lastKnownFileType = sourcecode.swift; path = notificationTestUITestsLaunchTests.swift; sourceTree = "<group>"; };
		3DE95D4E2C0BB71A00AAE9BA /* Foundation.framework */ = {isa = PBXFileReference; lastKnownFileType = wrapper.framework; name = Foundation.framework; path = System/Library/Frameworks/Foundation.framework; sourceTree = SDKROOT; };
		3DE95D532C0BBC9300AAE9BA /* notificationTest.entitlements */ = {isa = PBXFileReference; lastKnownFileType = text.plist.entitlements; path = notificationTest.entitlements; sourceTree = "<group>"; };
		3DE95D542C0BC6E100AAE9BA /* GroupFileObserver.swift */ = {isa = PBXFileReference; fileEncoding = 4; lastKnownFileType = sourcecode.swift; path = GroupFileObserver.swift; sourceTree = "<group>"; };
		3DE95D562C0BC9E000AAE9BA /* GroupFileHandler.swift */ = {isa = PBXFileReference; lastKnownFileType = sourcecode.swift; path = GroupFileHandler.swift; sourceTree = "<group>"; };
/* End PBXFileReference section */

/* Begin PBXFrameworksBuildPhase section */
		3DE95D172C0BB45B00AAE9BA /* Frameworks */ = {
			isa = PBXFrameworksBuildPhase;
			buildActionMask = 2147483647;
			files = (
			);
			runOnlyForDeploymentPostprocessing = 0;
		};
		3DE95D2D2C0BB45C00AAE9BA /* Frameworks */ = {
			isa = PBXFrameworksBuildPhase;
			buildActionMask = 2147483647;
			files = (
			);
			runOnlyForDeploymentPostprocessing = 0;
		};
		3DE95D372C0BB45C00AAE9BA /* Frameworks */ = {
			isa = PBXFrameworksBuildPhase;
			buildActionMask = 2147483647;
			files = (
			);
			runOnlyForDeploymentPostprocessing = 0;
		};
/* End PBXFrameworksBuildPhase section */

/* Begin PBXGroup section */
		3DE95D112C0BB45B00AAE9BA = {
			isa = PBXGroup;
			children = (
				3DE95D1C2C0BB45B00AAE9BA /* notificationTest */,
				3DE95D332C0BB45C00AAE9BA /* notificationTestTests */,
				3DE95D3D2C0BB45C00AAE9BA /* notificationTestUITests */,
				3DE95D1B2C0BB45B00AAE9BA /* Products */,
				3DE95D4D2C0BB71A00AAE9BA /* Frameworks */,
			);
			sourceTree = "<group>";
		};
		3DE95D1B2C0BB45B00AAE9BA /* Products */ = {
			isa = PBXGroup;
			children = (
				3DE95D1A2C0BB45B00AAE9BA /* GroupedFileSender.app */,
				3DE95D302C0BB45C00AAE9BA /* GroupedFileSenderTests.xctest */,
				3DE95D3A2C0BB45C00AAE9BA /* GroupedFileSenderUITests.xctest */,
			);
			name = Products;
			sourceTree = "<group>";
		};
		3DE95D1C2C0BB45B00AAE9BA /* notificationTest */ = {
			isa = PBXGroup;
			children = (
				3DE95D542C0BC6E100AAE9BA /* GroupFileObserver.swift */,
				3DE95D532C0BBC9300AAE9BA /* notificationTest.entitlements */,
				3DE95D1D2C0BB45B00AAE9BA /* AppDelegate.swift */,
				3DE95D1F2C0BB45B00AAE9BA /* SceneDelegate.swift */,
				3DE95D212C0BB45B00AAE9BA /* ViewController.swift */,
				3DE95D232C0BB45B00AAE9BA /* Main.storyboard */,
				3DE95D262C0BB45C00AAE9BA /* Assets.xcassets */,
				3DE95D282C0BB45C00AAE9BA /* LaunchScreen.storyboard */,
				3DE95D2B2C0BB45C00AAE9BA /* Info.plist */,
				3DE95D562C0BC9E000AAE9BA /* GroupFileHandler.swift */,
			);
			path = notificationTest;
			sourceTree = "<group>";
		};
		3DE95D332C0BB45C00AAE9BA /* notificationTestTests */ = {
			isa = PBXGroup;
			children = (
				3DE95D342C0BB45C00AAE9BA /* notificationTestTests.swift */,
			);
			path = notificationTestTests;
			sourceTree = "<group>";
		};
		3DE95D3D2C0BB45C00AAE9BA /* notificationTestUITests */ = {
			isa = PBXGroup;
			children = (
				3DE95D3E2C0BB45C00AAE9BA /* notificationTestUITests.swift */,
				3DE95D402C0BB45C00AAE9BA /* notificationTestUITestsLaunchTests.swift */,
			);
			path = notificationTestUITests;
			sourceTree = "<group>";
		};
		3DE95D4D2C0BB71A00AAE9BA /* Frameworks */ = {
			isa = PBXGroup;
			children = (
				3DE95D4E2C0BB71A00AAE9BA /* Foundation.framework */,
			);
			name = Frameworks;
			sourceTree = "<group>";
		};
/* End PBXGroup section */

/* Begin PBXNativeTarget section */
		3DE95D192C0BB45B00AAE9BA /* GroupedFileSender */ = {
			isa = PBXNativeTarget;
			buildConfigurationList = 3DE95D442C0BB45C00AAE9BA /* Build configuration list for PBXNativeTarget "GroupedFileSender" */;
			buildPhases = (
				3DE95D162C0BB45B00AAE9BA /* Sources */,
				3DE95D172C0BB45B00AAE9BA /* Frameworks */,
				3DE95D182C0BB45B00AAE9BA /* Resources */,
			);
			buildRules = (
			);
			dependencies = (
			);
			name = GroupedFileSender;
			productName = notificationTest;
			productReference = 3DE95D1A2C0BB45B00AAE9BA /* GroupedFileSender.app */;
			productType = "com.apple.product-type.application";
		};
		3DE95D2F2C0BB45C00AAE9BA /* GroupedFileSenderTests */ = {
			isa = PBXNativeTarget;
			buildConfigurationList = 3DE95D472C0BB45C00AAE9BA /* Build configuration list for PBXNativeTarget "GroupedFileSenderTests" */;
			buildPhases = (
				3DE95D2C2C0BB45C00AAE9BA /* Sources */,
				3DE95D2D2C0BB45C00AAE9BA /* Frameworks */,
				3DE95D2E2C0BB45C00AAE9BA /* Resources */,
			);
			buildRules = (
			);
			dependencies = (
				3DE95D322C0BB45C00AAE9BA /* PBXTargetDependency */,
			);
			name = GroupedFileSenderTests;
			productName = notificationTestTests;
			productReference = 3DE95D302C0BB45C00AAE9BA /* GroupedFileSenderTests.xctest */;
			productType = "com.apple.product-type.bundle.unit-test";
		};
		3DE95D392C0BB45C00AAE9BA /* GroupedFileSenderUITests */ = {
			isa = PBXNativeTarget;
			buildConfigurationList = 3DE95D4A2C0BB45C00AAE9BA /* Build configuration list for PBXNativeTarget "GroupedFileSenderUITests" */;
			buildPhases = (
				3DE95D362C0BB45C00AAE9BA /* Sources */,
				3DE95D372C0BB45C00AAE9BA /* Frameworks */,
				3DE95D382C0BB45C00AAE9BA /* Resources */,
			);
			buildRules = (
			);
			dependencies = (
				3DE95D3C2C0BB45C00AAE9BA /* PBXTargetDependency */,
			);
			name = GroupedFileSenderUITests;
			productName = notificationTestUITests;
			productReference = 3DE95D3A2C0BB45C00AAE9BA /* GroupedFileSenderUITests.xctest */;
			productType = "com.apple.product-type.bundle.ui-testing";
		};
/* End PBXNativeTarget section */

/* Begin PBXProject section */
		3DE95D122C0BB45B00AAE9BA /* Project object */ = {
			isa = PBXProject;
			attributes = {
				BuildIndependentTargetsInParallel = 1;
				KnownAssetTags = (
					New,
				);
				LastSwiftUpdateCheck = 1540;
				LastUpgradeCheck = 1540;
				TargetAttributes = {
					3DE95D192C0BB45B00AAE9BA = {
						CreatedOnToolsVersion = 15.4;
					};
					3DE95D2F2C0BB45C00AAE9BA = {
						CreatedOnToolsVersion = 15.4;
						TestTargetID = 3DE95D192C0BB45B00AAE9BA;
					};
					3DE95D392C0BB45C00AAE9BA = {
						CreatedOnToolsVersion = 15.4;
						TestTargetID = 3DE95D192C0BB45B00AAE9BA;
					};
				};
			};
			buildConfigurationList = 3DE95D152C0BB45B00AAE9BA /* Build configuration list for PBXProject "GroupedFileSender" */;
			compatibilityVersion = "Xcode 14.0";
			developmentRegion = en;
			hasScannedForEncodings = 0;
			knownRegions = (
				en,
				Base,
			);
			mainGroup = 3DE95D112C0BB45B00AAE9BA;
			productRefGroup = 3DE95D1B2C0BB45B00AAE9BA /* Products */;
			projectDirPath = "";
			projectRoot = "";
			targets = (
				3DE95D192C0BB45B00AAE9BA /* GroupedFileSender */,
				3DE95D2F2C0BB45C00AAE9BA /* GroupedFileSenderTests */,
				3DE95D392C0BB45C00AAE9BA /* GroupedFileSenderUITests */,
			);
		};
/* End PBXProject section */

/* Begin PBXResourcesBuildPhase section */
		3DE95D182C0BB45B00AAE9BA /* Resources */ = {
			isa = PBXResourcesBuildPhase;
			buildActionMask = 2147483647;
			files = (
				3DE95D272C0BB45C00AAE9BA /* Assets.xcassets in Resources */,
				3DE95D2A2C0BB45C00AAE9BA /* Base in Resources */,
				3DE95D252C0BB45B00AAE9BA /* Base in Resources */,
			);
			runOnlyForDeploymentPostprocessing = 0;
		};
		3DE95D2E2C0BB45C00AAE9BA /* Resources */ = {
			isa = PBXResourcesBuildPhase;
			buildActionMask = 2147483647;
			files = (
			);
			runOnlyForDeploymentPostprocessing = 0;
		};
		3DE95D382C0BB45C00AAE9BA /* Resources */ = {
			isa = PBXResourcesBuildPhase;
			buildActionMask = 2147483647;
			files = (
			);
			runOnlyForDeploymentPostprocessing = 0;
		};
/* End PBXResourcesBuildPhase section */

/* Begin PBXSourcesBuildPhase section */
		3DE95D162C0BB45B00AAE9BA /* Sources */ = {
			isa = PBXSourcesBuildPhase;
			buildActionMask = 2147483647;
			files = (
				3DE95D572C0BC9E000AAE9BA /* GroupFileHandler.swift in Sources */,
				3DE95D222C0BB45B00AAE9BA /* ViewController.swift in Sources */,
				3DE95D1E2C0BB45B00AAE9BA /* AppDelegate.swift in Sources */,
				3DE95D202C0BB45B00AAE9BA /* SceneDelegate.swift in Sources */,
				3DE95D552C0BC6E100AAE9BA /* GroupFileObserver.swift in Sources */,
			);
			runOnlyForDeploymentPostprocessing = 0;
		};
		3DE95D2C2C0BB45C00AAE9BA /* Sources */ = {
			isa = PBXSourcesBuildPhase;
			buildActionMask = 2147483647;
			files = (
				3DE95D352C0BB45C00AAE9BA /* notificationTestTests.swift in Sources */,
			);
			runOnlyForDeploymentPostprocessing = 0;
		};
		3DE95D362C0BB45C00AAE9BA /* Sources */ = {
			isa = PBXSourcesBuildPhase;
			buildActionMask = 2147483647;
			files = (
				3DE95D3F2C0BB45C00AAE9BA /* notificationTestUITests.swift in Sources */,
				3DE95D412C0BB45C00AAE9BA /* notificationTestUITestsLaunchTests.swift in Sources */,
			);
			runOnlyForDeploymentPostprocessing = 0;
		};
/* End PBXSourcesBuildPhase section */

/* Begin PBXTargetDependency section */
		3DE95D322C0BB45C00AAE9BA /* PBXTargetDependency */ = {
			isa = PBXTargetDependency;
			target = 3DE95D192C0BB45B00AAE9BA /* GroupedFileSender */;
			targetProxy = 3DE95D312C0BB45C00AAE9BA /* PBXContainerItemProxy */;
		};
		3DE95D3C2C0BB45C00AAE9BA /* PBXTargetDependency */ = {
			isa = PBXTargetDependency;
			target = 3DE95D192C0BB45B00AAE9BA /* GroupedFileSender */;
			targetProxy = 3DE95D3B2C0BB45C00AAE9BA /* PBXContainerItemProxy */;
		};
/* End PBXTargetDependency section */

/* Begin PBXVariantGroup section */
		3DE95D232C0BB45B00AAE9BA /* Main.storyboard */ = {
			isa = PBXVariantGroup;
			children = (
				3DE95D242C0BB45B00AAE9BA /* Base */,
			);
			name = Main.storyboard;
			sourceTree = "<group>";
		};
		3DE95D282C0BB45C00AAE9BA /* LaunchScreen.storyboard */ = {
			isa = PBXVariantGroup;
			children = (
				3DE95D292C0BB45C00AAE9BA /* Base */,
			);
			name = LaunchScreen.storyboard;
			sourceTree = "<group>";
		};
/* End PBXVariantGroup section */

/* Begin XCBuildConfiguration section */
		3DE95D422C0BB45C00AAE9BA /* Debug */ = {
			isa = XCBuildConfiguration;
			buildSettings = {
				ALWAYS_SEARCH_USER_PATHS = NO;
				ASSETCATALOG_COMPILER_GENERATE_SWIFT_ASSET_SYMBOL_EXTENSIONS = YES;
				CLANG_ANALYZER_NONNULL = YES;
				CLANG_ANALYZER_NUMBER_OBJECT_CONVERSION = YES_AGGRESSIVE;
				CLANG_CXX_LANGUAGE_STANDARD = "gnu++20";
				CLANG_ENABLE_MODULES = YES;
				CLANG_ENABLE_OBJC_ARC = YES;
				CLANG_ENABLE_OBJC_WEAK = YES;
				CLANG_WARN_BLOCK_CAPTURE_AUTORELEASING = YES;
				CLANG_WARN_BOOL_CONVERSION = YES;
				CLANG_WARN_COMMA = YES;
				CLANG_WARN_CONSTANT_CONVERSION = YES;
				CLANG_WARN_DEPRECATED_OBJC_IMPLEMENTATIONS = YES;
				CLANG_WARN_DIRECT_OBJC_ISA_USAGE = YES_ERROR;
				CLANG_WARN_DOCUMENTATION_COMMENTS = YES;
				CLANG_WARN_EMPTY_BODY = YES;
				CLANG_WARN_ENUM_CONVERSION = YES;
				CLANG_WARN_INFINITE_RECURSION = YES;
				CLANG_WARN_INT_CONVERSION = YES;
				CLANG_WARN_NON_LITERAL_NULL_CONVERSION = YES;
				CLANG_WARN_OBJC_IMPLICIT_RETAIN_SELF = YES;
				CLANG_WARN_OBJC_LITERAL_CONVERSION = YES;
				CLANG_WARN_OBJC_ROOT_CLASS = YES_ERROR;
				CLANG_WARN_QUOTED_INCLUDE_IN_FRAMEWORK_HEADER = YES;
				CLANG_WARN_RANGE_LOOP_ANALYSIS = YES;
				CLANG_WARN_STRICT_PROTOTYPES = YES;
				CLANG_WARN_SUSPICIOUS_MOVE = YES;
				CLANG_WARN_UNGUARDED_AVAILABILITY = YES_AGGRESSIVE;
				CLANG_WARN_UNREACHABLE_CODE = YES;
				CLANG_WARN__DUPLICATE_METHOD_MATCH = YES;
				COPY_PHASE_STRIP = NO;
				DEBUG_INFORMATION_FORMAT = dwarf;
				ENABLE_STRICT_OBJC_MSGSEND = YES;
				ENABLE_TESTABILITY = YES;
				ENABLE_USER_SCRIPT_SANDBOXING = YES;
				GCC_C_LANGUAGE_STANDARD = gnu17;
				GCC_DYNAMIC_NO_PIC = NO;
				GCC_NO_COMMON_BLOCKS = YES;
				GCC_OPTIMIZATION_LEVEL = 0;
				GCC_PREPROCESSOR_DEFINITIONS = (
					"DEBUG=1",
					"$(inherited)",
				);
				GCC_WARN_64_TO_32_BIT_CONVERSION = YES;
				GCC_WARN_ABOUT_RETURN_TYPE = YES_ERROR;
				GCC_WARN_UNDECLARED_SELECTOR = YES;
				GCC_WARN_UNINITIALIZED_AUTOS = YES_AGGRESSIVE;
				GCC_WARN_UNUSED_FUNCTION = YES;
				GCC_WARN_UNUSED_VARIABLE = YES;
				IPHONEOS_DEPLOYMENT_TARGET = 17.5;
				LOCALIZATION_PREFERS_STRING_CATALOGS = YES;
				MTL_ENABLE_DEBUG_INFO = INCLUDE_SOURCE;
				MTL_FAST_MATH = YES;
				ONLY_ACTIVE_ARCH = YES;
				SDKROOT = iphoneos;
				SWIFT_ACTIVE_COMPILATION_CONDITIONS = "DEBUG $(inherited)";
				SWIFT_OPTIMIZATION_LEVEL = "-Onone";
			};
			name = Debug;
		};
		3DE95D432C0BB45C00AAE9BA /* Release */ = {
			isa = XCBuildConfiguration;
			buildSettings = {
				ALWAYS_SEARCH_USER_PATHS = NO;
				ASSETCATALOG_COMPILER_GENERATE_SWIFT_ASSET_SYMBOL_EXTENSIONS = YES;
				CLANG_ANALYZER_NONNULL = YES;
				CLANG_ANALYZER_NUMBER_OBJECT_CONVERSION = YES_AGGRESSIVE;
				CLANG_CXX_LANGUAGE_STANDARD = "gnu++20";
				CLANG_ENABLE_MODULES = YES;
				CLANG_ENABLE_OBJC_ARC = YES;
				CLANG_ENABLE_OBJC_WEAK = YES;
				CLANG_WARN_BLOCK_CAPTURE_AUTORELEASING = YES;
				CLANG_WARN_BOOL_CONVERSION = YES;
				CLANG_WARN_COMMA = YES;
				CLANG_WARN_CONSTANT_CONVERSION = YES;
				CLANG_WARN_DEPRECATED_OBJC_IMPLEMENTATIONS = YES;
				CLANG_WARN_DIRECT_OBJC_ISA_USAGE = YES_ERROR;
				CLANG_WARN_DOCUMENTATION_COMMENTS = YES;
				CLANG_WARN_EMPTY_BODY = YES;
				CLANG_WARN_ENUM_CONVERSION = YES;
				CLANG_WARN_INFINITE_RECURSION = YES;
				CLANG_WARN_INT_CONVERSION = YES;
				CLANG_WARN_NON_LITERAL_NULL_CONVERSION = YES;
				CLANG_WARN_OBJC_IMPLICIT_RETAIN_SELF = YES;
				CLANG_WARN_OBJC_LITERAL_CONVERSION = YES;
				CLANG_WARN_OBJC_ROOT_CLASS = YES_ERROR;
				CLANG_WARN_QUOTED_INCLUDE_IN_FRAMEWORK_HEADER = YES;
				CLANG_WARN_RANGE_LOOP_ANALYSIS = YES;
				CLANG_WARN_STRICT_PROTOTYPES = YES;
				CLANG_WARN_SUSPICIOUS_MOVE = YES;
				CLANG_WARN_UNGUARDED_AVAILABILITY = YES_AGGRESSIVE;
				CLANG_WARN_UNREACHABLE_CODE = YES;
				CLANG_WARN__DUPLICATE_METHOD_MATCH = YES;
				COPY_PHASE_STRIP = NO;
				DEBUG_INFORMATION_FORMAT = "dwarf-with-dsym";
				ENABLE_NS_ASSERTIONS = NO;
				ENABLE_STRICT_OBJC_MSGSEND = YES;
				ENABLE_USER_SCRIPT_SANDBOXING = YES;
				GCC_C_LANGUAGE_STANDARD = gnu17;
				GCC_NO_COMMON_BLOCKS = YES;
				GCC_WARN_64_TO_32_BIT_CONVERSION = YES;
				GCC_WARN_ABOUT_RETURN_TYPE = YES_ERROR;
				GCC_WARN_UNDECLARED_SELECTOR = YES;
				GCC_WARN_UNINITIALIZED_AUTOS = YES_AGGRESSIVE;
				GCC_WARN_UNUSED_FUNCTION = YES;
				GCC_WARN_UNUSED_VARIABLE = YES;
				IPHONEOS_DEPLOYMENT_TARGET = 17.5;
				LOCALIZATION_PREFERS_STRING_CATALOGS = YES;
				MTL_ENABLE_DEBUG_INFO = NO;
				MTL_FAST_MATH = YES;
				SDKROOT = iphoneos;
				SWIFT_COMPILATION_MODE = wholemodule;
				VALIDATE_PRODUCT = YES;
			};
			name = Release;
		};
		3DE95D452C0BB45C00AAE9BA /* Debug */ = {
			isa = XCBuildConfiguration;
			buildSettings = {
				ASSETCATALOG_COMPILER_APPICON_NAME = AppIcon;
				ASSETCATALOG_COMPILER_GLOBAL_ACCENT_COLOR_NAME = AccentColor;
				CODE_SIGN_ENTITLEMENTS = notificationTest/notificationTest.entitlements;
				CODE_SIGN_STYLE = Automatic;
				CURRENT_PROJECT_VERSION = 1;
				DEVELOPMENT_TEAM = EREM5343TQ;
				GENERATE_INFOPLIST_FILE = YES;
				INFOPLIST_FILE = notificationTest/Info.plist;
				INFOPLIST_KEY_UIApplicationSupportsIndirectInputEvents = YES;
				INFOPLIST_KEY_UILaunchStoryboardName = LaunchScreen;
				INFOPLIST_KEY_UIMainStoryboardFile = Main;
				INFOPLIST_KEY_UISupportedInterfaceOrientations_iPad = "UIInterfaceOrientationPortrait UIInterfaceOrientationPortraitUpsideDown UIInterfaceOrientationLandscapeLeft UIInterfaceOrientationLandscapeRight";
				INFOPLIST_KEY_UISupportedInterfaceOrientations_iPhone = "UIInterfaceOrientationPortrait UIInterfaceOrientationLandscapeLeft UIInterfaceOrientationLandscapeRight";
				IPHONEOS_DEPLOYMENT_TARGET = 14.0;
				LD_RUNPATH_SEARCH_PATHS = (
					"$(inherited)",
					"@executable_path/Frameworks",
				);
				MARKETING_VERSION = 1.0;
				PRODUCT_BUNDLE_IDENTIFIER = jw.notificationTest;
				PRODUCT_NAME = "$(TARGET_NAME)";
				SUPPORTED_PLATFORMS = "iphoneos iphonesimulator";
				SUPPORTS_MACCATALYST = NO;
				SUPPORTS_MAC_DESIGNED_FOR_IPHONE_IPAD = NO;
				SUPPORTS_XR_DESIGNED_FOR_IPHONE_IPAD = NO;
				SWIFT_EMIT_LOC_STRINGS = YES;
				SWIFT_VERSION = 5.0;
				TARGETED_DEVICE_FAMILY = 1;
			};
			name = Debug;
		};
		3DE95D462C0BB45C00AAE9BA /* Release */ = {
			isa = XCBuildConfiguration;
			buildSettings = {
				ASSETCATALOG_COMPILER_APPICON_NAME = AppIcon;
				ASSETCATALOG_COMPILER_GLOBAL_ACCENT_COLOR_NAME = AccentColor;
				CODE_SIGN_ENTITLEMENTS = notificationTest/notificationTest.entitlements;
				CODE_SIGN_STYLE = Automatic;
				CURRENT_PROJECT_VERSION = 1;
				DEVELOPMENT_TEAM = EREM5343TQ;
				GENERATE_INFOPLIST_FILE = YES;
				INFOPLIST_FILE = notificationTest/Info.plist;
				INFOPLIST_KEY_UIApplicationSupportsIndirectInputEvents = YES;
				INFOPLIST_KEY_UILaunchStoryboardName = LaunchScreen;
				INFOPLIST_KEY_UIMainStoryboardFile = Main;
				INFOPLIST_KEY_UISupportedInterfaceOrientations_iPad = "UIInterfaceOrientationPortrait UIInterfaceOrientationPortraitUpsideDown UIInterfaceOrientationLandscapeLeft UIInterfaceOrientationLandscapeRight";
				INFOPLIST_KEY_UISupportedInterfaceOrientations_iPhone = "UIInterfaceOrientationPortrait UIInterfaceOrientationLandscapeLeft UIInterfaceOrientationLandscapeRight";
				IPHONEOS_DEPLOYMENT_TARGET = 14.0;
				LD_RUNPATH_SEARCH_PATHS = (
					"$(inherited)",
					"@executable_path/Frameworks",
				);
				MARKETING_VERSION = 1.0;
				PRODUCT_BUNDLE_IDENTIFIER = jw.notificationTest;
				PRODUCT_NAME = "$(TARGET_NAME)";
				SUPPORTED_PLATFORMS = "iphoneos iphonesimulator";
				SUPPORTS_MACCATALYST = NO;
				SUPPORTS_MAC_DESIGNED_FOR_IPHONE_IPAD = NO;
				SUPPORTS_XR_DESIGNED_FOR_IPHONE_IPAD = NO;
				SWIFT_EMIT_LOC_STRINGS = YES;
				SWIFT_VERSION = 5.0;
				TARGETED_DEVICE_FAMILY = 1;
			};
			name = Release;
		};
		3DE95D482C0BB45C00AAE9BA /* Debug */ = {
			isa = XCBuildConfiguration;
			buildSettings = {
				ALWAYS_EMBED_SWIFT_STANDARD_LIBRARIES = YES;
				BUNDLE_LOADER = "$(TEST_HOST)";
				CODE_SIGN_STYLE = Automatic;
				CURRENT_PROJECT_VERSION = 1;
				GENERATE_INFOPLIST_FILE = YES;
				IPHONEOS_DEPLOYMENT_TARGET = 17.5;
				MARKETING_VERSION = 1.0;
				PRODUCT_BUNDLE_IDENTIFIER = jw.notificationTestTests;
				PRODUCT_NAME = "$(TARGET_NAME)";
				SWIFT_EMIT_LOC_STRINGS = NO;
				SWIFT_VERSION = 5.0;
				TARGETED_DEVICE_FAMILY = "1,2";
				TEST_HOST = "$(BUILT_PRODUCTS_DIR)/GroupedFileSender.app/$(BUNDLE_EXECUTABLE_FOLDER_PATH)/GroupedFileSender";
			};
			name = Debug;
		};
		3DE95D492C0BB45C00AAE9BA /* Release */ = {
			isa = XCBuildConfiguration;
			buildSettings = {
				ALWAYS_EMBED_SWIFT_STANDARD_LIBRARIES = YES;
				BUNDLE_LOADER = "$(TEST_HOST)";
				CODE_SIGN_STYLE = Automatic;
				CURRENT_PROJECT_VERSION = 1;
				GENERATE_INFOPLIST_FILE = YES;
				IPHONEOS_DEPLOYMENT_TARGET = 17.5;
				MARKETING_VERSION = 1.0;
				PRODUCT_BUNDLE_IDENTIFIER = jw.notificationTestTests;
				PRODUCT_NAME = "$(TARGET_NAME)";
				SWIFT_EMIT_LOC_STRINGS = NO;
				SWIFT_VERSION = 5.0;
				TARGETED_DEVICE_FAMILY = "1,2";
				TEST_HOST = "$(BUILT_PRODUCTS_DIR)/GroupedFileSender.app/$(BUNDLE_EXECUTABLE_FOLDER_PATH)/GroupedFileSender";
			};
			name = Release;
		};
		3DE95D4B2C0BB45C00AAE9BA /* Debug */ = {
			isa = XCBuildConfiguration;
			buildSettings = {
				ALWAYS_EMBED_SWIFT_STANDARD_LIBRARIES = YES;
				CODE_SIGN_STYLE = Automatic;
				CURRENT_PROJECT_VERSION = 1;
				GENERATE_INFOPLIST_FILE = YES;
				MARKETING_VERSION = 1.0;
				PRODUCT_BUNDLE_IDENTIFIER = jw.notificationTestUITests;
				PRODUCT_NAME = "$(TARGET_NAME)";
				SWIFT_EMIT_LOC_STRINGS = NO;
				SWIFT_VERSION = 5.0;
				TARGETED_DEVICE_FAMILY = "1,2";
				TEST_TARGET_NAME = notificationTest;
			};
			name = Debug;
		};
		3DE95D4C2C0BB45C00AAE9BA /* Release */ = {
			isa = XCBuildConfiguration;
			buildSettings = {
				ALWAYS_EMBED_SWIFT_STANDARD_LIBRARIES = YES;
				CODE_SIGN_STYLE = Automatic;
				CURRENT_PROJECT_VERSION = 1;
				GENERATE_INFOPLIST_FILE = YES;
				MARKETING_VERSION = 1.0;
				PRODUCT_BUNDLE_IDENTIFIER = jw.notificationTestUITests;
				PRODUCT_NAME = "$(TARGET_NAME)";
				SWIFT_EMIT_LOC_STRINGS = NO;
				SWIFT_VERSION = 5.0;
				TARGETED_DEVICE_FAMILY = "1,2";
				TEST_TARGET_NAME = notificationTest;
			};
			name = Release;
		};
/* End XCBuildConfiguration section */

/* Begin XCConfigurationList section */
		3DE95D152C0BB45B00AAE9BA /* Build configuration list for PBXProject "GroupedFileSender" */ = {
			isa = XCConfigurationList;
			buildConfigurations = (
				3DE95D422C0BB45C00AAE9BA /* Debug */,
				3DE95D432C0BB45C00AAE9BA /* Release */,
			);
			defaultConfigurationIsVisible = 0;
			defaultConfigurationName = Release;
		};
		3DE95D442C0BB45C00AAE9BA /* Build configuration list for PBXNativeTarget "GroupedFileSender" */ = {
			isa = XCConfigurationList;
			buildConfigurations = (
				3DE95D452C0BB45C00AAE9BA /* Debug */,
				3DE95D462C0BB45C00AAE9BA /* Release */,
			);
			defaultConfigurationIsVisible = 0;
			defaultConfigurationName = Release;
		};
		3DE95D472C0BB45C00AAE9BA /* Build configuration list for PBXNativeTarget "GroupedFileSenderTests" */ = {
			isa = XCConfigurationList;
			buildConfigurations = (
				3DE95D482C0BB45C00AAE9BA /* Debug */,
				3DE95D492C0BB45C00AAE9BA /* Release */,
			);
			defaultConfigurationIsVisible = 0;
			defaultConfigurationName = Release;
		};
		3DE95D4A2C0BB45C00AAE9BA /* Build configuration list for PBXNativeTarget "GroupedFileSenderUITests" */ = {
			isa = XCConfigurationList;
			buildConfigurations = (
				3DE95D4B2C0BB45C00AAE9BA /* Debug */,
				3DE95D4C2C0BB45C00AAE9BA /* Release */,
			);
			defaultConfigurationIsVisible = 0;
			defaultConfigurationName = Release;
		};
/* End XCConfigurationList section */
	};
	rootObject = 3DE95D122C0BB45B00AAE9BA /* Project object */;
}
